
Microsoft Visual Studio Solution File, Format Version 12.00
# Visual Studio 15
VisualStudioVersion = 15.0.28010.2041
MinimumVisualStudioVersion = 10.0.40219.1
Project("{FAE04EC0-301F-11D3-BF4B-00C04F79EFBC}") = "LetsBuildIt.Blog.BlazorB2CExample.Server", "LetsBuildIt.Blog.BlazorB2CExample.Server\LetsBuildIt.Blog.BlazorB2CExample.Server.csproj", "{8D0D0FF3-3E6D-49A8-BD70-EFD97047A310}"
EndProject
Project("{FAE04EC0-301F-11D3-BF4B-00C04F79EFBC}") = "LetsBuildIt.Blog.BlazorB2CExample.Client", "LetsBuildIt.Blog.BlazorB2CExample.Client\LetsBuildIt.Blog.BlazorB2CExample.Client.csproj", "{DA537D30-62BA-45E9-98B3-F93B170FBE3A}"
EndProject
Project("{FAE04EC0-301F-11D3-BF4B-00C04F79EFBC}") = "LetsBuildIt.Blog.BlazorB2CExample.Shared", "LetsBuildIt.Blog.BlazorB2CExample.Shared\LetsBuildIt.Blog.BlazorB2CExample.Shared.csproj", "{40E993D6-B8AD-4C0C-9689-F932D0F9EB5F}"
EndProject
Global
	GlobalSection(SolutionConfigurationPlatforms) = preSolution
		Debug|Any CPU = Debug|Any CPU
		Release|Any CPU = Release|Any CPU
	EndGlobalSection
	GlobalSection(ProjectConfigurationPlatforms) = postSolution
		{8D0D0FF3-3E6D-49A8-BD70-EFD97047A310}.Debug|Any CPU.ActiveCfg = Debug|Any CPU
		{8D0D0FF3-3E6D-49A8-BD70-EFD97047A310}.Debug|Any CPU.Build.0 = Debug|Any CPU
		{8D0D0FF3-3E6D-49A8-BD70-EFD97047A310}.Release|Any CPU.ActiveCfg = Release|Any CPU
		{8D0D0FF3-3E6D-49A8-BD70-EFD97047A310}.Release|Any CPU.Build.0 = Release|Any CPU
		{DA537D30-62BA-45E9-98B3-F93B170FBE3A}.Debug|Any CPU.ActiveCfg = Debug|Any CPU
		{DA537D30-62BA-45E9-98B3-F93B170FBE3A}.Debug|Any CPU.Build.0 = Debug|Any CPU
		{DA537D30-62BA-45E9-98B3-F93B170FBE3A}.Release|Any CPU.ActiveCfg = Release|Any CPU
		{DA537D30-62BA-45E9-98B3-F93B170FBE3A}.Release|Any CPU.Build.0 = Release|Any CPU
		{40E993D6-B8AD-4C0C-9689-F932D0F9EB5F}.Debug|Any CPU.ActiveCfg = Debug|Any CPU
		{40E993D6-B8AD-4C0C-9689-F932D0F9EB5F}.Debug|Any CPU.Build.0 = Debug|Any CPU
		{40E993D6-B8AD-4C0C-9689-F932D0F9EB5F}.Release|Any CPU.ActiveCfg = Release|Any CPU
		{40E993D6-B8AD-4C0C-9689-F932D0F9EB5F}.Release|Any CPU.Build.0 = Release|Any CPU
	EndGlobalSection
	GlobalSection(SolutionProperties) = preSolution
		HideSolutionNode = FALSE
	EndGlobalSection
	GlobalSection(ExtensibilityGlobals) = postSolution
		SolutionGuid = {A2DAAE60-C2E5-462F-AA4D-179DF6582DA7}
	EndGlobalSection
EndGlobal
